
Microsoft Visual Studio Solution File, Format Version 12.00
# Visual Studio Version 16
VisualStudioVersion = 16.0.29728.190
MinimumVisualStudioVersion = 10.0.40219.1
Project("{FAE04EC0-301F-11D3-BF4B-00C04F79EFBC}") = "Task2", "Task2.csproj", "{8AA8900A-0025-4D45-8545-318B6AEF9723}"
EndProject
Global
	GlobalSection(SolutionConfigurationPlatforms) = preSolution
		Debug|Any CPU = Debug|Any CPU
		Release|Any CPU = Release|Any CPU
	EndGlobalSection
	GlobalSection(ProjectConfigurationPlatforms) = postSolution
		{8AA8900A-0025-4D45-8545-318B6AEF9723}.Debug|Any CPU.ActiveCfg = Debug|Any CPU
		{8AA8900A-0025-4D45-8545-318B6AEF9723}.Debug|Any CPU.Build.0 = Debug|Any CPU
		{8AA8900A-0025-4D45-8545-318B6AEF9723}.Release|Any CPU.ActiveCfg = Release|Any CPU
		{8AA8900A-0025-4D45-8545-318B6AEF9723}.Release|Any CPU.Build.0 = Release|Any CPU
	EndGlobalSection
	GlobalSection(SolutionProperties) = preSolution
		HideSolutionNode = FALSE
	EndGlobalSection
	GlobalSection(ExtensibilityGlobals) = postSolution
		SolutionGuid = {3111F3E2-5956-442B-92E5-0A345C953311}
	EndGlobalSection
EndGlobal
