
Microsoft Visual Studio Solution File, Format Version 12.00
# Visual Studio Version 16
VisualStudioVersion = 16.0.29215.179
MinimumVisualStudioVersion = 10.0.40219.1
Project("{FAE04EC0-301F-11D3-BF4B-00C04F79EFBC}") = "MVCApp", "MVCApp\MVCApp.csproj", "{CECB7077-F925-4FB7-937F-A5BA2CCCCBF6}"
EndProject
Project("{00D1A9C2-B5F0-4AF3-8072-F6C62B433612}") = "MVCDataEmployees", "MVCDataEmployees\MVCDataEmployees.sqlproj", "{CE1196D2-B6F5-4305-9767-EBA02CCD3757}"
EndProject
Project("{FAE04EC0-301F-11D3-BF4B-00C04F79EFBC}") = "DataLibrary", "DataLibrary\DataLibrary.csproj", "{827A41E2-7A90-4FDA-8A1E-85D1DC3E0186}"
EndProject
Global
	GlobalSection(SolutionConfigurationPlatforms) = preSolution
		Debug|Any CPU = Debug|Any CPU
		Release|Any CPU = Release|Any CPU
	EndGlobalSection
	GlobalSection(ProjectConfigurationPlatforms) = postSolution
		{CECB7077-F925-4FB7-937F-A5BA2CCCCBF6}.Debug|Any CPU.ActiveCfg = Debug|Any CPU
		{CECB7077-F925-4FB7-937F-A5BA2CCCCBF6}.Debug|Any CPU.Build.0 = Debug|Any CPU
		{CECB7077-F925-4FB7-937F-A5BA2CCCCBF6}.Release|Any CPU.ActiveCfg = Release|Any CPU
		{CECB7077-F925-4FB7-937F-A5BA2CCCCBF6}.Release|Any CPU.Build.0 = Release|Any CPU
		{CE1196D2-B6F5-4305-9767-EBA02CCD3757}.Debug|Any CPU.ActiveCfg = Debug|Any CPU
		{CE1196D2-B6F5-4305-9767-EBA02CCD3757}.Debug|Any CPU.Build.0 = Debug|Any CPU
		{CE1196D2-B6F5-4305-9767-EBA02CCD3757}.Debug|Any CPU.Deploy.0 = Debug|Any CPU
		{CE1196D2-B6F5-4305-9767-EBA02CCD3757}.Release|Any CPU.ActiveCfg = Release|Any CPU
		{CE1196D2-B6F5-4305-9767-EBA02CCD3757}.Release|Any CPU.Build.0 = Release|Any CPU
		{CE1196D2-B6F5-4305-9767-EBA02CCD3757}.Release|Any CPU.Deploy.0 = Release|Any CPU
		{827A41E2-7A90-4FDA-8A1E-85D1DC3E0186}.Debug|Any CPU.ActiveCfg = Debug|Any CPU
		{827A41E2-7A90-4FDA-8A1E-85D1DC3E0186}.Debug|Any CPU.Build.0 = Debug|Any CPU
		{827A41E2-7A90-4FDA-8A1E-85D1DC3E0186}.Release|Any CPU.ActiveCfg = Release|Any CPU
		{827A41E2-7A90-4FDA-8A1E-85D1DC3E0186}.Release|Any CPU.Build.0 = Release|Any CPU
	EndGlobalSection
	GlobalSection(SolutionProperties) = preSolution
		HideSolutionNode = FALSE
	EndGlobalSection
	GlobalSection(ExtensibilityGlobals) = postSolution
		SolutionGuid = {50AF5E46-2DCE-4869-A346-7EE529C8C65B}
	EndGlobalSection
EndGlobal
