
Microsoft Visual Studio Solution File, Format Version 12.00
# Visual Studio Version 16
VisualStudioVersion = 16.0.29728.190
MinimumVisualStudioVersion = 10.0.40219.1
Project("{FAE04EC0-301F-11D3-BF4B-00C04F79EFBC}") = "Recursion.Figures", "Recursion.Figures\Recursion.Figures.csproj", "{D152B665-C61D-438F-8F55-B3E19EEE57A0}"
EndProject
Global
	GlobalSection(SolutionConfigurationPlatforms) = preSolution
		Debug|Any CPU = Debug|Any CPU
		Release|Any CPU = Release|Any CPU
	EndGlobalSection
	GlobalSection(ProjectConfigurationPlatforms) = postSolution
		{D152B665-C61D-438F-8F55-B3E19EEE57A0}.Debug|Any CPU.ActiveCfg = Debug|Any CPU
		{D152B665-C61D-438F-8F55-B3E19EEE57A0}.Debug|Any CPU.Build.0 = Debug|Any CPU
		{D152B665-C61D-438F-8F55-B3E19EEE57A0}.Release|Any CPU.ActiveCfg = Release|Any CPU
		{D152B665-C61D-438F-8F55-B3E19EEE57A0}.Release|Any CPU.Build.0 = Release|Any CPU
	EndGlobalSection
	GlobalSection(SolutionProperties) = preSolution
		HideSolutionNode = FALSE
	EndGlobalSection
	GlobalSection(ExtensibilityGlobals) = postSolution
		SolutionGuid = {5BC09D4D-FF79-41B4-95E3-271A8DA46007}
	EndGlobalSection
EndGlobal
