
Microsoft Visual Studio Solution File, Format Version 12.00
# Visual Studio Version 16
VisualStudioVersion = 16.0.29728.190
MinimumVisualStudioVersion = 10.0.40219.1
Project("{FAE04EC0-301F-11D3-BF4B-00C04F79EFBC}") = "05. Connected Areas in Matrix", "05. Connected Areas in Matrix.csproj", "{CEB45130-57D9-4D2E-BAFF-8C9D91444E03}"
EndProject
Global
	GlobalSection(SolutionConfigurationPlatforms) = preSolution
		Debug|Any CPU = Debug|Any CPU
		Release|Any CPU = Release|Any CPU
	EndGlobalSection
	GlobalSection(ProjectConfigurationPlatforms) = postSolution
		{CEB45130-57D9-4D2E-BAFF-8C9D91444E03}.Debug|Any CPU.ActiveCfg = Debug|Any CPU
		{CEB45130-57D9-4D2E-BAFF-8C9D91444E03}.Debug|Any CPU.Build.0 = Debug|Any CPU
		{CEB45130-57D9-4D2E-BAFF-8C9D91444E03}.Release|Any CPU.ActiveCfg = Release|Any CPU
		{CEB45130-57D9-4D2E-BAFF-8C9D91444E03}.Release|Any CPU.Build.0 = Release|Any CPU
	EndGlobalSection
	GlobalSection(SolutionProperties) = preSolution
		HideSolutionNode = FALSE
	EndGlobalSection
	GlobalSection(ExtensibilityGlobals) = postSolution
		SolutionGuid = {7596C208-B737-4DB1-8EC4-68AC3A808EB6}
	EndGlobalSection
EndGlobal
