
Microsoft Visual Studio Solution File, Format Version 12.00
# Visual Studio Version 16
VisualStudioVersion = 16.0.29728.190
MinimumVisualStudioVersion = 10.0.40219.1
Project("{FAE04EC0-301F-11D3-BF4B-00C04F79EFBC}") = "Road Reconstruction", "Road Reconstruction.csproj", "{FC8F1E62-6DEB-4C9D-A20C-99EA85669B34}"
EndProject
Global
	GlobalSection(SolutionConfigurationPlatforms) = preSolution
		Debug|Any CPU = Debug|Any CPU
		Release|Any CPU = Release|Any CPU
	EndGlobalSection
	GlobalSection(ProjectConfigurationPlatforms) = postSolution
		{FC8F1E62-6DEB-4C9D-A20C-99EA85669B34}.Debug|Any CPU.ActiveCfg = Debug|Any CPU
		{FC8F1E62-6DEB-4C9D-A20C-99EA85669B34}.Debug|Any CPU.Build.0 = Debug|Any CPU
		{FC8F1E62-6DEB-4C9D-A20C-99EA85669B34}.Release|Any CPU.ActiveCfg = Release|Any CPU
		{FC8F1E62-6DEB-4C9D-A20C-99EA85669B34}.Release|Any CPU.Build.0 = Release|Any CPU
	EndGlobalSection
	GlobalSection(SolutionProperties) = preSolution
		HideSolutionNode = FALSE
	EndGlobalSection
	GlobalSection(ExtensibilityGlobals) = postSolution
		SolutionGuid = {D164EC65-57E8-46B3-B0FA-A5568E1F1747}
	EndGlobalSection
EndGlobal
