
Microsoft Visual Studio Solution File, Format Version 12.00
# Visual Studio Version 16
VisualStudioVersion = 16.0.29728.190
MinimumVisualStudioVersion = 10.0.40219.1
Project("{FAE04EC0-301F-11D3-BF4B-00C04F79EFBC}") = "RevArr", "RevArr.csproj", "{99A9A57D-5BF9-4B32-B4DF-9D71D4CD6E12}"
EndProject
Global
	GlobalSection(SolutionConfigurationPlatforms) = preSolution
		Debug|Any CPU = Debug|Any CPU
		Release|Any CPU = Release|Any CPU
	EndGlobalSection
	GlobalSection(ProjectConfigurationPlatforms) = postSolution
		{99A9A57D-5BF9-4B32-B4DF-9D71D4CD6E12}.Debug|Any CPU.ActiveCfg = Debug|Any CPU
		{99A9A57D-5BF9-4B32-B4DF-9D71D4CD6E12}.Debug|Any CPU.Build.0 = Debug|Any CPU
		{99A9A57D-5BF9-4B32-B4DF-9D71D4CD6E12}.Release|Any CPU.ActiveCfg = Release|Any CPU
		{99A9A57D-5BF9-4B32-B4DF-9D71D4CD6E12}.Release|Any CPU.Build.0 = Release|Any CPU
	EndGlobalSection
	GlobalSection(SolutionProperties) = preSolution
		HideSolutionNode = FALSE
	EndGlobalSection
	GlobalSection(ExtensibilityGlobals) = postSolution
		SolutionGuid = {856AB513-A317-4BA4-99E4-DD54F4AEEE7B}
	EndGlobalSection
EndGlobal
