
Microsoft Visual Studio Solution File, Format Version 12.00
# Visual Studio Version 16
VisualStudioVersion = 16.0.29728.190
MinimumVisualStudioVersion = 10.0.40219.1
Project("{FAE04EC0-301F-11D3-BF4B-00C04F79EFBC}") = "Recursive factorial", "Recursive factorial\Recursive factorial.csproj", "{14CD7A2D-003F-48C4-81B0-66245136D35F}"
EndProject
Global
	GlobalSection(SolutionConfigurationPlatforms) = preSolution
		Debug|Any CPU = Debug|Any CPU
		Release|Any CPU = Release|Any CPU
	EndGlobalSection
	GlobalSection(ProjectConfigurationPlatforms) = postSolution
		{14CD7A2D-003F-48C4-81B0-66245136D35F}.Debug|Any CPU.ActiveCfg = Debug|Any CPU
		{14CD7A2D-003F-48C4-81B0-66245136D35F}.Debug|Any CPU.Build.0 = Debug|Any CPU
		{14CD7A2D-003F-48C4-81B0-66245136D35F}.Release|Any CPU.ActiveCfg = Release|Any CPU
		{14CD7A2D-003F-48C4-81B0-66245136D35F}.Release|Any CPU.Build.0 = Release|Any CPU
	EndGlobalSection
	GlobalSection(SolutionProperties) = preSolution
		HideSolutionNode = FALSE
	EndGlobalSection
	GlobalSection(ExtensibilityGlobals) = postSolution
		SolutionGuid = {125600F4-BB87-4E2F-9A31-D6E4C348253D}
	EndGlobalSection
EndGlobal
