
Microsoft Visual Studio Solution File, Format Version 12.00
# Visual Studio Version 16
VisualStudioVersion = 16.0.29728.190
MinimumVisualStudioVersion = 10.0.40219.1
Project("{FAE04EC0-301F-11D3-BF4B-00C04F79EFBC}") = "03. Combinations with Repetition", "03. Combinations with Repetition.csproj", "{65961DE1-F168-4D28-B796-6ED7D87E707D}"
EndProject
Global
	GlobalSection(SolutionConfigurationPlatforms) = preSolution
		Debug|Any CPU = Debug|Any CPU
		Release|Any CPU = Release|Any CPU
	EndGlobalSection
	GlobalSection(ProjectConfigurationPlatforms) = postSolution
		{65961DE1-F168-4D28-B796-6ED7D87E707D}.Debug|Any CPU.ActiveCfg = Debug|Any CPU
		{65961DE1-F168-4D28-B796-6ED7D87E707D}.Debug|Any CPU.Build.0 = Debug|Any CPU
		{65961DE1-F168-4D28-B796-6ED7D87E707D}.Release|Any CPU.ActiveCfg = Release|Any CPU
		{65961DE1-F168-4D28-B796-6ED7D87E707D}.Release|Any CPU.Build.0 = Release|Any CPU
	EndGlobalSection
	GlobalSection(SolutionProperties) = preSolution
		HideSolutionNode = FALSE
	EndGlobalSection
	GlobalSection(ExtensibilityGlobals) = postSolution
		SolutionGuid = {4B656CBE-ACCB-42A5-8C1C-C4C1EA96B627}
	EndGlobalSection
EndGlobal
