
Microsoft Visual Studio Solution File, Format Version 12.00
# Visual Studio Version 16
VisualStudioVersion = 16.0.29728.190
MinimumVisualStudioVersion = 10.0.40219.1
Project("{FAE04EC0-301F-11D3-BF4B-00C04F79EFBC}") = "Nested_Loops", "Nested_Loops.csproj", "{03BB1B78-DF08-4493-971E-961905671DA2}"
EndProject
Global
	GlobalSection(SolutionConfigurationPlatforms) = preSolution
		Debug|Any CPU = Debug|Any CPU
		Release|Any CPU = Release|Any CPU
	EndGlobalSection
	GlobalSection(ProjectConfigurationPlatforms) = postSolution
		{03BB1B78-DF08-4493-971E-961905671DA2}.Debug|Any CPU.ActiveCfg = Debug|Any CPU
		{03BB1B78-DF08-4493-971E-961905671DA2}.Debug|Any CPU.Build.0 = Debug|Any CPU
		{03BB1B78-DF08-4493-971E-961905671DA2}.Release|Any CPU.ActiveCfg = Release|Any CPU
		{03BB1B78-DF08-4493-971E-961905671DA2}.Release|Any CPU.Build.0 = Release|Any CPU
	EndGlobalSection
	GlobalSection(SolutionProperties) = preSolution
		HideSolutionNode = FALSE
	EndGlobalSection
	GlobalSection(ExtensibilityGlobals) = postSolution
		SolutionGuid = {2E0D6AFE-17AB-42FB-BC6D-67F5B195A49B}
	EndGlobalSection
EndGlobal
